
Microsoft Visual Studio Solution File, Format Version 12.00
# Visual Studio 14
VisualStudioVersion = 14.0.25420.1
MinimumVisualStudioVersion = 10.0.40219.1
Project("{FAE04EC0-301F-11D3-BF4B-00C04F79EFBC}") = "Services", "Services\Services.csproj", "{97CBCE4B-9DB5-47EA-AA32-D2E4B3D4A938}"
EndProject
Project("{FAE04EC0-301F-11D3-BF4B-00C04F79EFBC}") = "ServicesTestsXUnit", "ServicesTestsXUnit\ServicesTestsXUnit.csproj", "{F5F1787D-3005-4787-B375-A8BBE3C7B31B}"
EndProject
Global
	GlobalSection(SolutionConfigurationPlatforms) = preSolution
		Debug|Any CPU = Debug|Any CPU
		Release|Any CPU = Release|Any CPU
	EndGlobalSection
	GlobalSection(ProjectConfigurationPlatforms) = postSolution
		{97CBCE4B-9DB5-47EA-AA32-D2E4B3D4A938}.Debug|Any CPU.ActiveCfg = Debug|Any CPU
		{97CBCE4B-9DB5-47EA-AA32-D2E4B3D4A938}.Debug|Any CPU.Build.0 = Debug|Any CPU
		{97CBCE4B-9DB5-47EA-AA32-D2E4B3D4A938}.Release|Any CPU.ActiveCfg = Release|Any CPU
		{97CBCE4B-9DB5-47EA-AA32-D2E4B3D4A938}.Release|Any CPU.Build.0 = Release|Any CPU
		{F5F1787D-3005-4787-B375-A8BBE3C7B31B}.Debug|Any CPU.ActiveCfg = Debug|Any CPU
		{F5F1787D-3005-4787-B375-A8BBE3C7B31B}.Debug|Any CPU.Build.0 = Debug|Any CPU
		{F5F1787D-3005-4787-B375-A8BBE3C7B31B}.Release|Any CPU.ActiveCfg = Release|Any CPU
		{F5F1787D-3005-4787-B375-A8BBE3C7B31B}.Release|Any CPU.Build.0 = Release|Any CPU
	EndGlobalSection
	GlobalSection(SolutionProperties) = preSolution
		HideSolutionNode = FALSE
	EndGlobalSection
EndGlobal
